
Microsoft Visual Studio Solution File, Format Version 12.00
# Visual Studio 15
VisualStudioVersion = 15.0.27004.2009
MinimumVisualStudioVersion = 10.0.40219.1
Project("{FAE04EC0-301F-11D3-BF4B-00C04F79EFBC}") = "Clean_VRC_Deobfuscator", "Clean_VRC_Deobfuscator\Clean_VRC_Deobfuscator.csproj", "{40A81D91-8732-4E61-8308-8DA3B5BD905D}"
EndProject
Global
	GlobalSection(SolutionConfigurationPlatforms) = preSolution
		Debug|Any CPU = Debug|Any CPU
		Release|Any CPU = Release|Any CPU
	EndGlobalSection
	GlobalSection(ProjectConfigurationPlatforms) = postSolution
		{40A81D91-8732-4E61-8308-8DA3B5BD905D}.Debug|Any CPU.ActiveCfg = Debug|Any CPU
		{40A81D91-8732-4E61-8308-8DA3B5BD905D}.Debug|Any CPU.Build.0 = Debug|Any CPU
		{40A81D91-8732-4E61-8308-8DA3B5BD905D}.Release|Any CPU.ActiveCfg = Release|Any CPU
		{40A81D91-8732-4E61-8308-8DA3B5BD905D}.Release|Any CPU.Build.0 = Release|Any CPU
	EndGlobalSection
	GlobalSection(SolutionProperties) = preSolution
		HideSolutionNode = FALSE
	EndGlobalSection
	GlobalSection(ExtensibilityGlobals) = postSolution
		SolutionGuid = {66094B21-89E8-4450-9DD5-B850B02B3971}
	EndGlobalSection
EndGlobal
